
Microsoft Visual Studio Solution File, Format Version 12.00
# Visual Studio Version 16
VisualStudioVersion = 16.0.30907.101
MinimumVisualStudioVersion = 10.0.40219.1
Project("{FAE04EC0-301F-11D3-BF4B-00C04F79EFBC}") = "KółkoiKrzyżyk", "KółkoiKrzyżyk\KółkoiKrzyżyk.csproj", "{8E847BC8-6B30-4CC7-80BB-066D040DB7EB}"
EndProject
Global
	GlobalSection(SolutionConfigurationPlatforms) = preSolution
		Debug|Any CPU = Debug|Any CPU
		Release|Any CPU = Release|Any CPU
	EndGlobalSection
	GlobalSection(ProjectConfigurationPlatforms) = postSolution
		{8E847BC8-6B30-4CC7-80BB-066D040DB7EB}.Debug|Any CPU.ActiveCfg = Debug|Any CPU
		{8E847BC8-6B30-4CC7-80BB-066D040DB7EB}.Debug|Any CPU.Build.0 = Debug|Any CPU
		{8E847BC8-6B30-4CC7-80BB-066D040DB7EB}.Release|Any CPU.ActiveCfg = Release|Any CPU
		{8E847BC8-6B30-4CC7-80BB-066D040DB7EB}.Release|Any CPU.Build.0 = Release|Any CPU
	EndGlobalSection
	GlobalSection(SolutionProperties) = preSolution
		HideSolutionNode = FALSE
	EndGlobalSection
	GlobalSection(ExtensibilityGlobals) = postSolution
		SolutionGuid = {CCBB868B-BE7E-438B-A6C2-16127CEBDDF0}
	EndGlobalSection
EndGlobal
